
Microsoft Visual Studio Solution File, Format Version 12.00
# Visual Studio Version 17
VisualStudioVersion = 17.1.32421.90
MinimumVisualStudioVersion = 10.0.40219.1
Project("{9A19103F-16F7-4668-BE54-9A1E7A4F7556}") = "ApplicationInsaid", "ApplicationInsaid.csproj", "{AEE9E57E-8286-45AE-9E30-5B5B138F8E4F}"
EndProject
Project("{9A19103F-16F7-4668-BE54-9A1E7A4F7556}") = "ApplicationinCompany", "ApplicationinCompany\ApplicationinCompany.csproj", "{3A1A4348-DBD3-47FF-9F25-5416FF92AF15}"
EndProject
Project("{9A19103F-16F7-4668-BE54-9A1E7A4F7556}") = "TheModels", "TheModels\TheModels.csproj", "{17BAE1AD-2799-408C-B3E4-833C244CEA14}"
EndProject
Global
	GlobalSection(SolutionConfigurationPlatforms) = preSolution
		Debug|Any CPU = Debug|Any CPU
		Release|Any CPU = Release|Any CPU
	EndGlobalSection
	GlobalSection(ProjectConfigurationPlatforms) = postSolution
		{AEE9E57E-8286-45AE-9E30-5B5B138F8E4F}.Debug|Any CPU.ActiveCfg = Debug|Any CPU
		{AEE9E57E-8286-45AE-9E30-5B5B138F8E4F}.Debug|Any CPU.Build.0 = Debug|Any CPU
		{AEE9E57E-8286-45AE-9E30-5B5B138F8E4F}.Release|Any CPU.ActiveCfg = Release|Any CPU
		{AEE9E57E-8286-45AE-9E30-5B5B138F8E4F}.Release|Any CPU.Build.0 = Release|Any CPU
		{3A1A4348-DBD3-47FF-9F25-5416FF92AF15}.Debug|Any CPU.ActiveCfg = Debug|Any CPU
		{3A1A4348-DBD3-47FF-9F25-5416FF92AF15}.Debug|Any CPU.Build.0 = Debug|Any CPU
		{3A1A4348-DBD3-47FF-9F25-5416FF92AF15}.Release|Any CPU.ActiveCfg = Release|Any CPU
		{3A1A4348-DBD3-47FF-9F25-5416FF92AF15}.Release|Any CPU.Build.0 = Release|Any CPU
		{17BAE1AD-2799-408C-B3E4-833C244CEA14}.Debug|Any CPU.ActiveCfg = Debug|Any CPU
		{17BAE1AD-2799-408C-B3E4-833C244CEA14}.Debug|Any CPU.Build.0 = Debug|Any CPU
		{17BAE1AD-2799-408C-B3E4-833C244CEA14}.Release|Any CPU.ActiveCfg = Release|Any CPU
		{17BAE1AD-2799-408C-B3E4-833C244CEA14}.Release|Any CPU.Build.0 = Release|Any CPU
	EndGlobalSection
	GlobalSection(SolutionProperties) = preSolution
		HideSolutionNode = FALSE
	EndGlobalSection
	GlobalSection(ExtensibilityGlobals) = postSolution
		SolutionGuid = {2ADBF5E7-966E-4E37-AA73-3072264D1DE2}
	EndGlobalSection
EndGlobal
